
Microsoft Visual Studio Solution File, Format Version 12.00
# Visual Studio Version 17
VisualStudioVersion = 17.14.37111.16
MinimumVisualStudioVersion = 10.0.40219.1
Project("{FAE04EC0-301F-11D3-BF4B-00C04F79EFBC}") = "XLEdge", "XLEdge\XLEdge.csproj", "{D090F1E0-CA8E-4529-B78D-981652FFF707}"
EndProject
Global
	GlobalSection(SolutionConfigurationPlatforms) = preSolution
		Debug|Any CPU = Debug|Any CPU
		Release|Any CPU = Release|Any CPU
	EndGlobalSection
	GlobalSection(ProjectConfigurationPlatforms) = postSolution
		{D090F1E0-CA8E-4529-B78D-981652FFF707}.Debug|Any CPU.ActiveCfg = Debug|Any CPU
		{D090F1E0-CA8E-4529-B78D-981652FFF707}.Debug|Any CPU.Build.0 = Debug|Any CPU
		{D090F1E0-CA8E-4529-B78D-981652FFF707}.Release|Any CPU.ActiveCfg = Release|Any CPU
		{D090F1E0-CA8E-4529-B78D-981652FFF707}.Release|Any CPU.Build.0 = Release|Any CPU
	EndGlobalSection
	GlobalSection(SolutionProperties) = preSolution
		HideSolutionNode = FALSE
	EndGlobalSection
	GlobalSection(ExtensibilityGlobals) = postSolution
		SolutionGuid = {7AAECA8F-D5FD-4AA9-9E37-EAB06B302E10}
	EndGlobalSection
EndGlobal

